# THIS IS AN AUTOGENERATED FILE. DO NOT EDIT THIS FILE DIRECTLY.
# yarn lockfile v1


"@pythnetwork/pyth-sdk-solidity@^4.0.0":
  version "4.0.0"
  resolved "https://registry.yarnpkg.com/@pythnetwork/pyth-sdk-solidity/-/pyth-sdk-solidity-4.0.0.tgz#166aeef316bf8ec6c21d97e6e9ba0de96c0fd270"
  integrity sha512-Cy2MvSN1Oh5YpIYmZd2In6/gfXbGjnpazmXKioTuq07Drp4Rl2XHcvtqHdgilplCl32IG4pU+XoRafpexID08A==
